
Microsoft Visual Studio Solution File, Format Version 12.00
# Visual Studio Version 16
VisualStudioVersion = 16.0.30413.136
MinimumVisualStudioVersion = 10.0.40219.1
Project("{FAE04EC0-301F-11D3-BF4B-00C04F79EFBC}") = "ReflectionExample.WebApi", "src\ReflectionExample.WebApi\ReflectionExample.WebApi.csproj", "{C37C8EAF-7D99-4CB0-A4C8-E31C064B48E4}"
EndProject
Project("{FAE04EC0-301F-11D3-BF4B-00C04F79EFBC}") = "ReflectionExample.Tests", "tests\ReflectionExample.Tests\ReflectionExample.Tests.csproj", "{2432CB55-61B9-4EC7-9189-3D90FAD65043}"
EndProject
Global
	GlobalSection(SolutionConfigurationPlatforms) = preSolution
		Debug|Any CPU = Debug|Any CPU
		Release|Any CPU = Release|Any CPU
	EndGlobalSection
	GlobalSection(ProjectConfigurationPlatforms) = postSolution
		{C37C8EAF-7D99-4CB0-A4C8-E31C064B48E4}.Debug|Any CPU.ActiveCfg = Debug|Any CPU
		{C37C8EAF-7D99-4CB0-A4C8-E31C064B48E4}.Debug|Any CPU.Build.0 = Debug|Any CPU
		{C37C8EAF-7D99-4CB0-A4C8-E31C064B48E4}.Release|Any CPU.ActiveCfg = Release|Any CPU
		{C37C8EAF-7D99-4CB0-A4C8-E31C064B48E4}.Release|Any CPU.Build.0 = Release|Any CPU
		{2432CB55-61B9-4EC7-9189-3D90FAD65043}.Debug|Any CPU.ActiveCfg = Debug|Any CPU
		{2432CB55-61B9-4EC7-9189-3D90FAD65043}.Debug|Any CPU.Build.0 = Debug|Any CPU
		{2432CB55-61B9-4EC7-9189-3D90FAD65043}.Release|Any CPU.ActiveCfg = Release|Any CPU
		{2432CB55-61B9-4EC7-9189-3D90FAD65043}.Release|Any CPU.Build.0 = Release|Any CPU
	EndGlobalSection
	GlobalSection(SolutionProperties) = preSolution
		HideSolutionNode = FALSE
	EndGlobalSection
	GlobalSection(ExtensibilityGlobals) = postSolution
		SolutionGuid = {CF5E12BC-15F0-43CE-ADE9-D4BC7C0893BE}
	EndGlobalSection
EndGlobal
